<?xml version="1.0" encoding="utf-8"?>
<Project ToolsVersion="4.0" xmlns="http://schemas.microsoft.com/developer/msbuild/2003">
  <ItemGroup>
    <Filter Include="Source Files">
      <UniqueIdentifier>{4FC737F1-C7A5-4376-A066-2A32D752A2FF}</UniqueIdentifier>
      <Extensions>cpp;c;cc;cxx;def;odl;idl;hpj;bat;asm;asmx</Extensions>
    </Filter>
    <Filter Include="Header Files">
      <UniqueIdentifier>{93995380-89BD-4b04-88EB-625FBE52EBFB}</UniqueIdentifier>
      <Extensions>h;hh;hpp;hxx;hm;inl;inc;xsd</Extensions>
    </Filter>
    <Filter Include="Resource Files">
      <UniqueIdentifier>{67DA6AB6-F800-4c08-8B7A-83BB121AAD01}</UniqueIdentifier>
      <Extensions>rc;ico;cur;bmp;dlg;rc2;rct;bin;rgs;gif;jpg;jpeg;jpe;resx;tiff;tif;png;wav;mfcribbon-ms</Extensions>
    </Filter>
    <Filter Include="Header Files\Graphics">
      <UniqueIdentifier>{54337b47-16b1-407d-9236-b46efe358650}</UniqueIdentifier>
    </Filter>
    <Filter Include="Header Files\Utils">
      <UniqueIdentifier>{df9beb4d-e24f-4c4c-b915-45ae7ea75794}</UniqueIdentifier>
    </Filter>
    <Filter Include="Header Files\ECS">
      <UniqueIdentifier>{0a270cc7-1c58-4c78-b148-9fb501df6f60}</UniqueIdentifier>
    </Filter>
    <Filter Include="Header Files\Math">
      <UniqueIdentifier>{0e965175-2659-4c9c-a3eb-d38fccfcb5d0}</UniqueIdentifier>
    </Filter>
    <Filter Include="Header Files\PubSub">
      <UniqueIdentifier>{1e5ccb2b-fcf7-4764-bce8-3b9653357278}</UniqueIdentifier>
    </Filter>
    <Filter Include="Header Files\Scripting">
      <UniqueIdentifier>{d2d97c16-ed42-4e94-b9d7-34e28bc637b5}</UniqueIdentifier>
    </Filter>
    <Filter Include="Header Files\App">
      <UniqueIdentifier>{a6eedc67-d04b-4881-a667-8cc15e5daef4}</UniqueIdentifier>
    </Filter>
    <Filter Include="Header Files\Graphics\Common">
      <UniqueIdentifier>{0a9baccb-ebe5-4b1c-bccc-ea5aeda57ed6}</UniqueIdentifier>
    </Filter>
    <Filter Include="Header Files\Graphics\Windows">
      <UniqueIdentifier>{abfe6860-6fb6-430c-807e-8acb2cbfc108}</UniqueIdentifier>
    </Filter>
    <Filter Include="Source Files\App">
      <UniqueIdentifier>{428fb40d-d644-481c-8275-fa2fc6eb69a5}</UniqueIdentifier>
    </Filter>
    <Filter Include="Source Files\Graphics">
      <UniqueIdentifier>{bb49c061-e366-4a2d-b234-e72a920497fd}</UniqueIdentifier>
    </Filter>
    <Filter Include="Source Files\Graphics\Common">
      <UniqueIdentifier>{598d52d1-08de-4e6a-bbd4-19f172f56214}</UniqueIdentifier>
    </Filter>
    <Filter Include="Source Files\Graphics\Windows">
      <UniqueIdentifier>{811f25a4-41e8-4307-8784-8cf5dcf249cc}</UniqueIdentifier>
    </Filter>
    <Filter Include="Source Files\ECS">
      <UniqueIdentifier>{2f9fadf4-5409-4374-9d68-fc2dbceea3ea}</UniqueIdentifier>
    </Filter>
    <Filter Include="Source Files\PubSub">
      <UniqueIdentifier>{4670c58f-06d6-4a36-887c-fe84b08fdb4d}</UniqueIdentifier>
    </Filter>
    <Filter Include="Source Files\Utils">
      <UniqueIdentifier>{ad89644d-1a0b-4583-b3dd-29f289358292}</UniqueIdentifier>
    </Filter>
    <Filter Include="Source Files\Scripting">
      <UniqueIdentifier>{47ae5180-a5d4-4b71-9533-9cb2d83f9504}</UniqueIdentifier>
    </Filter>
    <Filter Include="Source Files\Math">
      <UniqueIdentifier>{76ab005e-3231-4168-860a-c7eac97a35fd}</UniqueIdentifier>
    </Filter>
    <Filter Include="Header Files\Graphics\Android">
      <UniqueIdentifier>{1a6780ba-cd8a-4861-b5e0-e52d08a37109}</UniqueIdentifier>
    </Filter>
    <Filter Include="Source Files\Graphics\Android">
      <UniqueIdentifier>{a553edff-0b5f-4abe-9ab1-221a02d4f61f}</UniqueIdentifier>
    </Filter>
    <Filter Include="Header Files\Graphics\Emscripten">
      <UniqueIdentifier>{ca6bd573-2655-4f51-95a4-d2b6c35a8050}</UniqueIdentifier>
    </Filter>
    <Filter Include="Source Files\Graphics\Emscripten">
      <UniqueIdentifier>{0f91eb92-b7e0-41dc-9958-6ccf9ba782b7}</UniqueIdentifier>
    </Filter>
    <Filter Include="Header Files\Utils\Windows">
      <UniqueIdentifier>{27c4753b-1193-4f18-8a03-8fccf9f99953}</UniqueIdentifier>
    </Filter>
    <Filter Include="Source Files\Utils\Windows">
      <UniqueIdentifier>{12aad5bd-0103-4a1a-aaed-ce120c6d2508}</UniqueIdentifier>
    </Filter>
    <Filter Include="Source Files\Graphics\Common\MaterialProperties">
      <UniqueIdentifier>{85acae06-cdc4-4e49-9c7a-b2748963fb6e}</UniqueIdentifier>
    </Filter>
    <Filter Include="Header Files\Graphics\Common\MaterialProperties">
      <UniqueIdentifier>{8823b2d6-03a7-49ef-8941-4348ddbb3df3}</UniqueIdentifier>
    </Filter>
    <Filter Include="Header Files\Graphics\Common\Shader">
      <UniqueIdentifier>{80fd5459-f74b-4a1b-bbc5-9016d630e585}</UniqueIdentifier>
    </Filter>
    <Filter Include="Source Files\Graphics\Common\Shader">
      <UniqueIdentifier>{fe1643d9-e981-43e3-bb4e-0682b61741de}</UniqueIdentifier>
    </Filter>
    <Filter Include="Header Files\Graphics\Common\RenderCommands">
      <UniqueIdentifier>{2f34a67d-e951-4723-8d42-a6322bf02c4f}</UniqueIdentifier>
    </Filter>
    <Filter Include="Source Files\Graphics\Common\RenderCommands">
      <UniqueIdentifier>{5eb3c42d-669c-495b-a683-e26abe811919}</UniqueIdentifier>
    </Filter>
  </ItemGroup>
  <ItemGroup>
    <ClInclude Include="stdafx.h">
      <Filter>Header Files</Filter>
    </ClInclude>
    <ClInclude Include="targetver.h">
      <Filter>Header Files</Filter>
    </ClInclude>
    <ClInclude Include="Platform.h">
      <Filter>Header Files</Filter>
    </ClInclude>
    <ClInclude Include="App.h">
      <Filter>Header Files\App</Filter>
    </ClInclude>
    <ClInclude Include="Camera.h">
      <Filter>Header Files\Graphics\Common</Filter>
    </ClInclude>
    <ClInclude Include="Face.h">
      <Filter>Header Files\Graphics\Common</Filter>
    </ClInclude>
    <ClInclude Include="Entity.h">
      <Filter>Header Files\ECS</Filter>
    </ClInclude>
    <ClInclude Include="Component.h">
      <Filter>Header Files\ECS</Filter>
    </ClInclude>
    <ClInclude Include="FileReader.h">
      <Filter>Header Files\Utils</Filter>
    </ClInclude>
    <ClInclude Include="FrameBufferObject.h">
      <Filter>Header Files\Graphics\Common</Filter>
    </ClInclude>
    <ClInclude Include="FullScreenQuad.h">
      <Filter>Header Files\Graphics\Common</Filter>
    </ClInclude>
    <ClInclude Include="LuaVM.h">
      <Filter>Header Files\Scripting</Filter>
    </ClInclude>
    <ClInclude Include="Mat4.h">
      <Filter>Header Files\Math</Filter>
    </ClInclude>
    <ClInclude Include="MathConstants.h">
      <Filter>Header Files\Math</Filter>
    </ClInclude>
    <ClInclude Include="MaterialLoader.h">
      <Filter>Header Files\Utils</Filter>
    </ClInclude>
    <ClInclude Include="Mesh.h">
      <Filter>Header Files\Graphics\Common</Filter>
    </ClInclude>
    <ClInclude Include="MeshComponent.h">
      <Filter>Header Files\ECS</Filter>
    </ClInclude>
    <ClInclude Include="MeshData.h">
      <Filter>Header Files\Graphics\Common</Filter>
    </ClInclude>
    <ClInclude Include="MeshDataLoader.h">
      <Filter>Header Files\Utils</Filter>
    </ClInclude>
    <ClInclude Include="Publisher.h">
      <Filter>Header Files\PubSub</Filter>
    </ClInclude>
    <ClInclude Include="Quat4.h">
      <Filter>Header Files\Math</Filter>
    </ClInclude>
    <ClInclude Include="Renderer.h">
      <Filter>Header Files\Graphics\Common</Filter>
    </ClInclude>
    <ClInclude Include="StringUtil.h">
      <Filter>Header Files\Utils</Filter>
    </ClInclude>
    <ClInclude Include="Subscriber.h">
      <Filter>Header Files\PubSub</Filter>
    </ClInclude>
    <ClInclude Include="Texture2D.h">
      <Filter>Header Files\Graphics\Common</Filter>
    </ClInclude>
    <ClInclude Include="TextureCube.h">
      <Filter>Header Files\Graphics\Common</Filter>
    </ClInclude>
    <ClInclude Include="Transform.h">
      <Filter>Header Files\Math</Filter>
    </ClInclude>
    <ClInclude Include="Vec2.h">
      <Filter>Header Files\Math</Filter>
    </ClInclude>
    <ClInclude Include="Vec3.h">
      <Filter>Header Files\Math</Filter>
    </ClInclude>
    <ClInclude Include="stb_image.h">
      <Filter>Header Files\Utils</Filter>
    </ClInclude>
    <ClInclude Include="Vertex.h">
      <Filter>Header Files\Graphics\Common</Filter>
    </ClInclude>
    <ClInclude Include="WindowWin32.h">
      <Filter>Header Files\Graphics\Windows</Filter>
    </ClInclude>
    <ClInclude Include="WindowInterface.h">
      <Filter>Header Files\Graphics\Common</Filter>
    </ClInclude>
    <ClInclude Include="SubscriberComponent.h">
      <Filter>Header Files\ECS</Filter>
    </ClInclude>
    <ClInclude Include="WindowAndroid.h">
      <Filter>Header Files\Graphics\Android</Filter>
    </ClInclude>
    <ClInclude Include="FileSystem.h">
      <Filter>Header Files\Utils</Filter>
    </ClInclude>
    <ClInclude Include="WindowEmscripten.h">
      <Filter>Header Files\Graphics\Emscripten</Filter>
    </ClInclude>
    <ClInclude Include="SHFMBinaryLoader.h">
      <Filter>Header Files\Utils</Filter>
    </ClInclude>
    <ClInclude Include="DDSUtil.h">
      <Filter>Header Files\Utils</Filter>
    </ClInclude>
    <ClInclude Include="Controls.h">
      <Filter>Header Files\Utils\Windows</Filter>
    </ClInclude>
    <ClInclude Include="SkyBox.h">
      <Filter>Header Files\Graphics\Common</Filter>
    </ClInclude>
    <ClInclude Include="MeshDataRenderer.h">
      <Filter>Header Files\Graphics\Common</Filter>
    </ClInclude>
    <ClInclude Include="Utility.h">
      <Filter>Header Files\Utils</Filter>
    </ClInclude>
    <ClInclude Include="BooleanMaterialProperty.h">
      <Filter>Header Files\Graphics\Common\MaterialProperties</Filter>
    </ClInclude>
    <ClInclude Include="Vec3MaterialProperty.h">
      <Filter>Header Files\Graphics\Common\MaterialProperties</Filter>
    </ClInclude>
    <ClInclude Include="WindowEditorWin32.h">
      <Filter>Header Files\Graphics\Windows</Filter>
    </ClInclude>
    <ClInclude Include="Shader.h">
      <Filter>Header Files\Graphics\Common\Shader</Filter>
    </ClInclude>
    <ClInclude Include="ShaderCompileOptions.h">
      <Filter>Header Files\Graphics\Common\Shader</Filter>
    </ClInclude>
    <ClInclude Include="ShaderLibrary.h">
      <Filter>Header Files\Graphics\Common\Shader</Filter>
    </ClInclude>
    <ClInclude Include="ShaderDescription.h">
      <Filter>Header Files\Graphics\Common\Shader</Filter>
    </ClInclude>
    <ClInclude Include="ShaderParser.h">
      <Filter>Header Files\Graphics\Common\Shader</Filter>
    </ClInclude>
    <ClInclude Include="FloatMaterialProperty.h">
      <Filter>Header Files\Graphics\Common\MaterialProperties</Filter>
    </ClInclude>
    <ClInclude Include="Vec2MaterialProperty.h">
      <Filter>Header Files\Graphics\Common\MaterialProperties</Filter>
    </ClInclude>
    <ClInclude Include="Vec4MaterialProperty.h">
      <Filter>Header Files\Graphics\Common\MaterialProperties</Filter>
    </ClInclude>
    <ClInclude Include="Vec4.h">
      <Filter>Header Files\Math</Filter>
    </ClInclude>
    <ClInclude Include="Timer.h">
      <Filter>Header Files\Utils</Filter>
    </ClInclude>
    <ClInclude Include="TextureCache.h">
      <Filter>Header Files\Graphics\Common</Filter>
    </ClInclude>
    <ClInclude Include="Texture2DMaterialProperty.h">
      <Filter>Header Files\Graphics\Common\MaterialProperties</Filter>
    </ClInclude>
    <ClInclude Include="TextureCubeMaterialProperty.h">
      <Filter>Header Files\Graphics\Common\MaterialProperties</Filter>
    </ClInclude>
    <ClInclude Include="EntityManager.h">
      <Filter>Header Files\ECS</Filter>
    </ClInclude>
    <ClInclude Include="GenericSerializer.h">
      <Filter>Header Files\Utils</Filter>
    </ClInclude>
    <ClInclude Include="MeshDataCache.h">
      <Filter>Header Files\Graphics\Common</Filter>
    </ClInclude>
    <ClInclude Include="MaterialInputs.h">
      <Filter>Header Files\Graphics\Common\Shader</Filter>
    </ClInclude>
    <ClInclude Include="Material.h">
      <Filter>Header Files\Graphics\Common\Shader</Filter>
    </ClInclude>
    <ClInclude Include="MaterialCache.h">
      <Filter>Header Files\Graphics\Common\Shader</Filter>
    </ClInclude>
    <ClInclude Include="MaterialProperty.h">
      <Filter>Header Files\Graphics\Common\MaterialProperties</Filter>
    </ClInclude>
    <ClInclude Include="AABB.h">
      <Filter>Header Files\Graphics\Common</Filter>
    </ClInclude>
    <ClInclude Include="ViewFrustum.h">
      <Filter>Header Files\Graphics\Common</Filter>
    </ClInclude>
    <ClInclude Include="Octree.h">
      <Filter>Header Files\Graphics\Common</Filter>
    </ClInclude>
    <ClInclude Include="Frustum.h">
      <Filter>Header Files\Graphics\Common</Filter>
    </ClInclude>
    <ClInclude Include="RenderCommand.h">
      <Filter>Header Files\Graphics\Common\RenderCommands</Filter>
    </ClInclude>
    <ClInclude Include="MurmurHash.h">
      <Filter>Header Files\Utils</Filter>
    </ClInclude>
    <ClInclude Include="Sorting.h">
      <Filter>Header Files\Graphics\Common</Filter>
    </ClInclude>
    <ClInclude Include="BindShaderCmd.h">
      <Filter>Header Files\Graphics\Common\RenderCommands</Filter>
    </ClInclude>
    <ClInclude Include="UnbindShaderCmd.h">
      <Filter>Header Files\Graphics\Common\RenderCommands</Filter>
    </ClInclude>
    <ClInclude Include="BindMaterialCmd.h">
      <Filter>Header Files\Graphics\Common\RenderCommands</Filter>
    </ClInclude>
    <ClInclude Include="RenderMeshCmd.h">
      <Filter>Header Files\Graphics\Common\RenderCommands</Filter>
    </ClInclude>
    <ClInclude Include="SetCameraMatricesCmd.h">
      <Filter>Header Files\Graphics\Common\RenderCommands</Filter>
    </ClInclude>
    <ClInclude Include="RenderCommandQueue.h">
      <Filter>Header Files\Graphics\Common</Filter>
    </ClInclude>
  </ItemGroup>
  <ItemGroup>
    <ClCompile Include="stdafx.cpp">
      <Filter>Source Files</Filter>
    </ClCompile>
    <ClCompile Include="App.cpp">
      <Filter>Source Files\App</Filter>
    </ClCompile>
    <ClCompile Include="Camera.cpp">
      <Filter>Source Files\Graphics\Common</Filter>
    </ClCompile>
    <ClCompile Include="Face.cpp">
      <Filter>Source Files\Graphics\Common</Filter>
    </ClCompile>
    <ClCompile Include="FrameBufferObject.cpp">
      <Filter>Source Files\Graphics\Common</Filter>
    </ClCompile>
    <ClCompile Include="FullScreenQuad.cpp">
      <Filter>Source Files\Graphics\Common</Filter>
    </ClCompile>
    <ClCompile Include="Mesh.cpp">
      <Filter>Source Files\Graphics\Common</Filter>
    </ClCompile>
    <ClCompile Include="MeshData.cpp">
      <Filter>Source Files\Graphics\Common</Filter>
    </ClCompile>
    <ClCompile Include="Texture2D.cpp">
      <Filter>Source Files\Graphics\Common</Filter>
    </ClCompile>
    <ClCompile Include="TextureCube.cpp">
      <Filter>Source Files\Graphics\Common</Filter>
    </ClCompile>
    <ClCompile Include="Component.cpp">
      <Filter>Source Files\ECS</Filter>
    </ClCompile>
    <ClCompile Include="Entity.cpp">
      <Filter>Source Files\ECS</Filter>
    </ClCompile>
    <ClCompile Include="Publisher.cpp">
      <Filter>Source Files\PubSub</Filter>
    </ClCompile>
    <ClCompile Include="Subscriber.cpp">
      <Filter>Source Files\PubSub</Filter>
    </ClCompile>
    <ClCompile Include="SubscriberComponent.cpp">
      <Filter>Source Files\ECS</Filter>
    </ClCompile>
    <ClCompile Include="MeshComponent.cpp">
      <Filter>Source Files\ECS</Filter>
    </ClCompile>
    <ClCompile Include="WindowWin32.cpp">
      <Filter>Source Files\Graphics\Windows</Filter>
    </ClCompile>
    <ClCompile Include="WindowInterface.cpp">
      <Filter>Source Files\Graphics\Common</Filter>
    </ClCompile>
    <ClCompile Include="FileReader.cpp">
      <Filter>Source Files\Utils</Filter>
    </ClCompile>
    <ClCompile Include="MaterialLoader.cpp">
      <Filter>Source Files\Utils</Filter>
    </ClCompile>
    <ClCompile Include="MeshDataLoader.cpp">
      <Filter>Source Files\Utils</Filter>
    </ClCompile>
    <ClCompile Include="StringUtil.cpp">
      <Filter>Source Files\Utils</Filter>
    </ClCompile>
    <ClCompile Include="stb_image.c">
      <Filter>Source Files\Utils</Filter>
    </ClCompile>
    <ClCompile Include="LuaVM.cpp">
      <Filter>Source Files\Scripting</Filter>
    </ClCompile>
    <ClCompile Include="Mat4.cpp">
      <Filter>Source Files\Math</Filter>
    </ClCompile>
    <ClCompile Include="Quat4.cpp">
      <Filter>Source Files\Math</Filter>
    </ClCompile>
    <ClCompile Include="Vec2.cpp">
      <Filter>Source Files\Math</Filter>
    </ClCompile>
    <ClCompile Include="Vec3.cpp">
      <Filter>Source Files\Math</Filter>
    </ClCompile>
    <ClCompile Include="Transform.cpp">
      <Filter>Source Files\Math</Filter>
    </ClCompile>
    <ClCompile Include="Renderer.cpp">
      <Filter>Source Files\Graphics\Common</Filter>
    </ClCompile>
    <ClCompile Include="Vertex.cpp">
      <Filter>Source Files\Graphics\Common</Filter>
    </ClCompile>
    <ClCompile Include="WindowAndroid.cpp">
      <Filter>Source Files\Graphics\Android</Filter>
    </ClCompile>
    <ClCompile Include="FileSystem.cpp">
      <Filter>Source Files\Utils</Filter>
    </ClCompile>
    <ClCompile Include="WindowEmscripten.cpp">
      <Filter>Source Files\Graphics\Emscripten</Filter>
    </ClCompile>
    <ClCompile Include="SHFMBinaryLoader.cpp">
      <Filter>Source Files\Utils</Filter>
    </ClCompile>
    <ClCompile Include="Controls.cpp">
      <Filter>Source Files\Utils\Windows</Filter>
    </ClCompile>
    <ClCompile Include="SkyBox.cpp">
      <Filter>Source Files\Graphics\Common</Filter>
    </ClCompile>
    <ClCompile Include="MeshDataRenderer.cpp">
      <Filter>Source Files\Graphics\Common</Filter>
    </ClCompile>
    <ClCompile Include="Utility.cpp">
      <Filter>Source Files\Utils</Filter>
    </ClCompile>
    <ClCompile Include="BooleanMaterialProperty.cpp">
      <Filter>Source Files\Graphics\Common\MaterialProperties</Filter>
    </ClCompile>
    <ClCompile Include="Vec3MaterialProperty.cpp">
      <Filter>Source Files\Graphics\Common\MaterialProperties</Filter>
    </ClCompile>
    <ClCompile Include="WindowEditorWin32.cpp">
      <Filter>Source Files\Graphics\Windows</Filter>
    </ClCompile>
    <ClCompile Include="Shader.cpp">
      <Filter>Source Files\Graphics\Common\Shader</Filter>
    </ClCompile>
    <ClCompile Include="ShaderCompileOptions.cpp">
      <Filter>Source Files\Graphics\Common\Shader</Filter>
    </ClCompile>
    <ClCompile Include="ShaderLibrary.cpp">
      <Filter>Source Files\Graphics\Common\Shader</Filter>
    </ClCompile>
    <ClCompile Include="ShaderDescription.cpp">
      <Filter>Source Files\Graphics\Common\Shader</Filter>
    </ClCompile>
    <ClCompile Include="ShaderParser.cpp">
      <Filter>Source Files\Graphics\Common\Shader</Filter>
    </ClCompile>
    <ClCompile Include="..\Externals\include\json11\json11.cpp">
      <Filter>Source Files\Utils</Filter>
    </ClCompile>
    <ClCompile Include="FloatMaterialProperty.cpp">
      <Filter>Source Files\Graphics\Common\MaterialProperties</Filter>
    </ClCompile>
    <ClCompile Include="Vec2MaterialProperty.cpp">
      <Filter>Source Files\Graphics\Common\MaterialProperties</Filter>
    </ClCompile>
    <ClCompile Include="Vec4MaterialProperty.cpp">
      <Filter>Source Files\Graphics\Common\MaterialProperties</Filter>
    </ClCompile>
    <ClCompile Include="Vec4.cpp">
      <Filter>Source Files\Math</Filter>
    </ClCompile>
    <ClCompile Include="Timer.cpp">
      <Filter>Source Files\Utils</Filter>
    </ClCompile>
    <ClCompile Include="TextureCache.cpp">
      <Filter>Source Files\Graphics\Common</Filter>
    </ClCompile>
    <ClCompile Include="Texture2DMaterialProperty.cpp">
      <Filter>Source Files\Graphics\Common\MaterialProperties</Filter>
    </ClCompile>
    <ClCompile Include="TextureCubeMaterialProperty.cpp">
      <Filter>Source Files\Graphics\Common\MaterialProperties</Filter>
    </ClCompile>
    <ClCompile Include="EntityManager.cpp">
      <Filter>Source Files\ECS</Filter>
    </ClCompile>
    <ClCompile Include="GenericSerializer.cpp">
      <Filter>Source Files\Utils</Filter>
    </ClCompile>
    <ClCompile Include="MeshDataCache.cpp">
      <Filter>Source Files\Graphics\Common</Filter>
    </ClCompile>
    <ClCompile Include="MaterialInputs.cpp">
      <Filter>Source Files\Graphics\Common\Shader</Filter>
    </ClCompile>
    <ClCompile Include="MaterialProperty.cpp">
      <Filter>Source Files\Graphics\Common\MaterialProperties</Filter>
    </ClCompile>
    <ClCompile Include="MaterialCache.cpp">
      <Filter>Source Files\Graphics\Common\Shader</Filter>
    </ClCompile>
    <ClCompile Include="Material.cpp">
      <Filter>Source Files\Graphics\Common\Shader</Filter>
    </ClCompile>
    <ClCompile Include="AABB.cpp">
      <Filter>Source Files\Graphics\Common</Filter>
    </ClCompile>
    <ClCompile Include="ViewFrustum.cpp">
      <Filter>Source Files\Graphics\Common</Filter>
    </ClCompile>
    <ClCompile Include="Octree.cpp">
      <Filter>Source Files\Graphics\Common</Filter>
    </ClCompile>
    <ClCompile Include="Frustum.cpp">
      <Filter>Source Files\Graphics\Common</Filter>
    </ClCompile>
    <ClCompile Include="RenderCommand.cpp">
      <Filter>Source Files\Graphics\Common\RenderCommands</Filter>
    </ClCompile>
    <ClCompile Include="Sorting.cpp">
      <Filter>Source Files\Graphics\Common</Filter>
    </ClCompile>
    <ClCompile Include="MurmurHash.cpp">
      <Filter>Source Files\Utils</Filter>
    </ClCompile>
    <ClCompile Include="BindShaderCmd.cpp">
      <Filter>Source Files\Graphics\Common\RenderCommands</Filter>
    </ClCompile>
    <ClCompile Include="UnbindShaderCmd.cpp">
      <Filter>Source Files\Graphics\Common\RenderCommands</Filter>
    </ClCompile>
    <ClCompile Include="BindMaterialCmd.cpp">
      <Filter>Source Files\Graphics\Common\RenderCommands</Filter>
    </ClCompile>
    <ClCompile Include="RenderMeshCmd.cpp">
      <Filter>Source Files\Graphics\Common\RenderCommands</Filter>
    </ClCompile>
    <ClCompile Include="SetCameraMatricesCmd.cpp">
      <Filter>Source Files\Graphics\Common\RenderCommands</Filter>
    </ClCompile>
    <ClCompile Include="RenderCommandQueue.cpp">
      <Filter>Source Files\Graphics\Common</Filter>
    </ClCompile>
  </ItemGroup>
</Project>